
Microsoft Visual Studio Solution File, Format Version 12.00
# Visual Studio Version 17
VisualStudioVersion = 17.6.33801.468
MinimumVisualStudioVersion = 10.0.40219.1
Project("{2150E333-8FDC-42A3-9474-1A3956D46DE8}") = "src", "src", "{B68AC15A-7717-4B27-B4C4-6BD7E714E2A2}"
EndProject
Project("{2150E333-8FDC-42A3-9474-1A3956D46DE8}") = "Solution Items", "Solution Items", "{4C32371B-CE53-4F79-B4A3-C0E4A7DC945F}"
	ProjectSection(SolutionItems) = preProject
		ServiceUrls.txt = ServiceUrls.txt
	EndProjectSection
EndProject
Project("{2150E333-8FDC-42A3-9474-1A3956D46DE8}") = "ApiGateways", "ApiGateways", "{50106608-7C51-4BB2-A301-96131C80FC76}"
EndProject
Project("{2150E333-8FDC-42A3-9474-1A3956D46DE8}") = "Clients", "Clients", "{3816F2FD-2CC0-44EA-9D82-7D5D6E6742B2}"
EndProject
Project("{2150E333-8FDC-42A3-9474-1A3956D46DE8}") = "Services", "Services", "{14015431-CA77-4197-91FA-442B6F3B04D1}"
EndProject
Project("{2150E333-8FDC-42A3-9474-1A3956D46DE8}") = "BuildingBlocks", "BuildingBlocks", "{48AB3E2D-D98C-4766-B4D1-FE00DD9DB887}"
EndProject
Project("{2150E333-8FDC-42A3-9474-1A3956D46DE8}") = "WebApiGateway", "WebApiGateway", "{2D063487-EC92-4CC2-8AD0-4EA4BBF388F2}"
EndProject
Project("{2150E333-8FDC-42A3-9474-1A3956D46DE8}") = "EventBus", "EventBus", "{C74AF862-4B30-4DA1-9A80-1A7FD1B2E73D}"
EndProject
Project("{FAE04EC0-301F-11D3-BF4B-00C04F79EFBC}") = "EventBus.Base", "src\BuildingBlocks\EventBus\EventBus.Base\EventBus.Base.csproj", "{E7684877-0FA3-4B35-91AA-8DA3C923A9E1}"
EndProject
Project("{FAE04EC0-301F-11D3-BF4B-00C04F79EFBC}") = "EventBus.Factory", "src\BuildingBlocks\EventBus\EventBus.Factory\EventBus.Factory.csproj", "{BC8CBF95-BD67-4918-8F6E-915CB2584995}"
EndProject
Project("{FAE04EC0-301F-11D3-BF4B-00C04F79EFBC}") = "EventBus.AzureServiceBus", "src\BuildingBlocks\EventBus\EventBus.AzureServiceBus\EventBus.AzureServiceBus.csproj", "{8B595CA6-BADF-4D39-9CAF-F639C071B180}"
EndProject
Project("{FAE04EC0-301F-11D3-BF4B-00C04F79EFBC}") = "EventBus.RabbitMQ", "src\BuildingBlocks\EventBus\EventBus.RabbitMQ\EventBus.RabbitMQ.csproj", "{3A11F352-84AD-44BD-8DBD-98CA5ED12D5B}"
EndProject
Project("{2150E333-8FDC-42A3-9474-1A3956D46DE8}") = "BlazorWebApp", "BlazorWebApp", "{8B64A88C-B977-4F2A-8F04-DA30306D0988}"
EndProject
Project("{FAE04EC0-301F-11D3-BF4B-00C04F79EFBC}") = "WebApp", "src\Clients\BlazorWebApp\WebApp\WebApp.csproj", "{9E7B392F-03C5-497B-887A-D2FFB87BDEC0}"
EndProject
Project("{2150E333-8FDC-42A3-9474-1A3956D46DE8}") = "BasketService", "BasketService", "{83070B22-71E4-47EA-B7BF-562267067866}"
EndProject
Project("{FAE04EC0-301F-11D3-BF4B-00C04F79EFBC}") = "BasketService.Api", "src\Services\BasketService\BasketService.Api\BasketService.Api.csproj", "{59B47553-DA1C-45C3-8ED4-90EB4429C3BA}"
EndProject
Project("{2150E333-8FDC-42A3-9474-1A3956D46DE8}") = "CatalogService", "CatalogService", "{6805B381-7F4A-41BA-8D28-169F8B2CFA13}"
EndProject
Project("{FAE04EC0-301F-11D3-BF4B-00C04F79EFBC}") = "CatalogService.Api", "src\Services\CatalogService\CatalogService.Api\CatalogService.Api.csproj", "{5BC03810-088F-4CA2-B288-D0BA9593C42C}"
EndProject
Project("{2150E333-8FDC-42A3-9474-1A3956D46DE8}") = "IdentityService", "IdentityService", "{731D5988-B271-4DA9-A915-0397BE3370F7}"
EndProject
Project("{FAE04EC0-301F-11D3-BF4B-00C04F79EFBC}") = "IdentityService.Api", "src\Services\IdentityService\IdentityService.Api\IdentityService.Api.csproj", "{8750076C-A3F8-4071-A0DB-E53948C623F0}"
EndProject
Project("{2150E333-8FDC-42A3-9474-1A3956D46DE8}") = "NotificationService", "NotificationService", "{23D02C4D-39CD-451B-8FC2-08C1436C12B9}"
EndProject
Project("{FAE04EC0-301F-11D3-BF4B-00C04F79EFBC}") = "NotificationService", "src\Services\NotificationService\NotificationService\NotificationService.csproj", "{1815A2DD-677A-4FBF-B089-96C804B4F2B6}"
EndProject
Project("{2150E333-8FDC-42A3-9474-1A3956D46DE8}") = "OrderService", "OrderService", "{53CE195A-4627-4323-B100-646D1D66A210}"
EndProject
Project("{FAE04EC0-301F-11D3-BF4B-00C04F79EFBC}") = "OrderService.Domain", "src\Services\OrderService\OrderService.Domain\OrderService.Domain.csproj", "{597B7C9B-A6FB-41B1-98A8-31160CDBCC5A}"
EndProject
Project("{FAE04EC0-301F-11D3-BF4B-00C04F79EFBC}") = "OrderService.Applicaiton", "src\Services\OrderService\OrderService.Applicaiton\OrderService.Applicaiton.csproj", "{2382BB26-4BC1-4E44-9B54-748B9BABF624}"
EndProject
Project("{FAE04EC0-301F-11D3-BF4B-00C04F79EFBC}") = "OrderService.Infrastructure", "src\Services\OrderService\OrderService.Infrastructure\OrderService.Infrastructure.csproj", "{D4F14638-C348-4A05-A9F0-400DD53247CC}"
EndProject
Project("{FAE04EC0-301F-11D3-BF4B-00C04F79EFBC}") = "OrderService.Api", "src\Services\OrderService\OrderService.Api\OrderService.Api.csproj", "{FA33305C-C91A-4FC8-84FE-3193A7794978}"
EndProject
Project("{2150E333-8FDC-42A3-9474-1A3956D46DE8}") = "PaymentService", "PaymentService", "{0523DCE6-9ECF-4BCB-B141-311B104932A1}"
EndProject
Project("{FAE04EC0-301F-11D3-BF4B-00C04F79EFBC}") = "PaymentService.Api", "src\Services\PaymentService\PaymentService.Api\PaymentService.Api.csproj", "{A2598999-6922-4C85-83D4-5CF7C744168F}"
EndProject
Project("{FAE04EC0-301F-11D3-BF4B-00C04F79EFBC}") = "Web.ApiGateway", "src\ApiGateways\WebApiGateway\Web.ApiGateway\Web.ApiGateway.csproj", "{F00EFAF0-C90B-4BC9-B456-64F7A67DA7AF}"
EndProject
Global
	GlobalSection(SolutionConfigurationPlatforms) = preSolution
		Debug|Any CPU = Debug|Any CPU
		Release|Any CPU = Release|Any CPU
	EndGlobalSection
	GlobalSection(ProjectConfigurationPlatforms) = postSolution
		{E7684877-0FA3-4B35-91AA-8DA3C923A9E1}.Debug|Any CPU.ActiveCfg = Debug|Any CPU
		{E7684877-0FA3-4B35-91AA-8DA3C923A9E1}.Debug|Any CPU.Build.0 = Debug|Any CPU
		{E7684877-0FA3-4B35-91AA-8DA3C923A9E1}.Release|Any CPU.ActiveCfg = Release|Any CPU
		{E7684877-0FA3-4B35-91AA-8DA3C923A9E1}.Release|Any CPU.Build.0 = Release|Any CPU
		{BC8CBF95-BD67-4918-8F6E-915CB2584995}.Debug|Any CPU.ActiveCfg = Debug|Any CPU
		{BC8CBF95-BD67-4918-8F6E-915CB2584995}.Debug|Any CPU.Build.0 = Debug|Any CPU
		{BC8CBF95-BD67-4918-8F6E-915CB2584995}.Release|Any CPU.ActiveCfg = Release|Any CPU
		{BC8CBF95-BD67-4918-8F6E-915CB2584995}.Release|Any CPU.Build.0 = Release|Any CPU
		{8B595CA6-BADF-4D39-9CAF-F639C071B180}.Debug|Any CPU.ActiveCfg = Debug|Any CPU
		{8B595CA6-BADF-4D39-9CAF-F639C071B180}.Debug|Any CPU.Build.0 = Debug|Any CPU
		{8B595CA6-BADF-4D39-9CAF-F639C071B180}.Release|Any CPU.ActiveCfg = Release|Any CPU
		{8B595CA6-BADF-4D39-9CAF-F639C071B180}.Release|Any CPU.Build.0 = Release|Any CPU
		{3A11F352-84AD-44BD-8DBD-98CA5ED12D5B}.Debug|Any CPU.ActiveCfg = Debug|Any CPU
		{3A11F352-84AD-44BD-8DBD-98CA5ED12D5B}.Debug|Any CPU.Build.0 = Debug|Any CPU
		{3A11F352-84AD-44BD-8DBD-98CA5ED12D5B}.Release|Any CPU.ActiveCfg = Release|Any CPU
		{3A11F352-84AD-44BD-8DBD-98CA5ED12D5B}.Release|Any CPU.Build.0 = Release|Any CPU
		{9E7B392F-03C5-497B-887A-D2FFB87BDEC0}.Debug|Any CPU.ActiveCfg = Debug|Any CPU
		{9E7B392F-03C5-497B-887A-D2FFB87BDEC0}.Debug|Any CPU.Build.0 = Debug|Any CPU
		{9E7B392F-03C5-497B-887A-D2FFB87BDEC0}.Release|Any CPU.ActiveCfg = Release|Any CPU
		{9E7B392F-03C5-497B-887A-D2FFB87BDEC0}.Release|Any CPU.Build.0 = Release|Any CPU
		{59B47553-DA1C-45C3-8ED4-90EB4429C3BA}.Debug|Any CPU.ActiveCfg = Debug|Any CPU
		{59B47553-DA1C-45C3-8ED4-90EB4429C3BA}.Debug|Any CPU.Build.0 = Debug|Any CPU
		{59B47553-DA1C-45C3-8ED4-90EB4429C3BA}.Release|Any CPU.ActiveCfg = Release|Any CPU
		{59B47553-DA1C-45C3-8ED4-90EB4429C3BA}.Release|Any CPU.Build.0 = Release|Any CPU
		{5BC03810-088F-4CA2-B288-D0BA9593C42C}.Debug|Any CPU.ActiveCfg = Debug|Any CPU
		{5BC03810-088F-4CA2-B288-D0BA9593C42C}.Debug|Any CPU.Build.0 = Debug|Any CPU
		{5BC03810-088F-4CA2-B288-D0BA9593C42C}.Release|Any CPU.ActiveCfg = Release|Any CPU
		{5BC03810-088F-4CA2-B288-D0BA9593C42C}.Release|Any CPU.Build.0 = Release|Any CPU
		{8750076C-A3F8-4071-A0DB-E53948C623F0}.Debug|Any CPU.ActiveCfg = Debug|Any CPU
		{8750076C-A3F8-4071-A0DB-E53948C623F0}.Debug|Any CPU.Build.0 = Debug|Any CPU
		{8750076C-A3F8-4071-A0DB-E53948C623F0}.Release|Any CPU.ActiveCfg = Release|Any CPU
		{8750076C-A3F8-4071-A0DB-E53948C623F0}.Release|Any CPU.Build.0 = Release|Any CPU
		{1815A2DD-677A-4FBF-B089-96C804B4F2B6}.Debug|Any CPU.ActiveCfg = Debug|Any CPU
		{1815A2DD-677A-4FBF-B089-96C804B4F2B6}.Debug|Any CPU.Build.0 = Debug|Any CPU
		{1815A2DD-677A-4FBF-B089-96C804B4F2B6}.Release|Any CPU.ActiveCfg = Release|Any CPU
		{1815A2DD-677A-4FBF-B089-96C804B4F2B6}.Release|Any CPU.Build.0 = Release|Any CPU
		{597B7C9B-A6FB-41B1-98A8-31160CDBCC5A}.Debug|Any CPU.ActiveCfg = Debug|Any CPU
		{597B7C9B-A6FB-41B1-98A8-31160CDBCC5A}.Debug|Any CPU.Build.0 = Debug|Any CPU
		{597B7C9B-A6FB-41B1-98A8-31160CDBCC5A}.Release|Any CPU.ActiveCfg = Release|Any CPU
		{597B7C9B-A6FB-41B1-98A8-31160CDBCC5A}.Release|Any CPU.Build.0 = Release|Any CPU
		{2382BB26-4BC1-4E44-9B54-748B9BABF624}.Debug|Any CPU.ActiveCfg = Debug|Any CPU
		{2382BB26-4BC1-4E44-9B54-748B9BABF624}.Debug|Any CPU.Build.0 = Debug|Any CPU
		{2382BB26-4BC1-4E44-9B54-748B9BABF624}.Release|Any CPU.ActiveCfg = Release|Any CPU
		{2382BB26-4BC1-4E44-9B54-748B9BABF624}.Release|Any CPU.Build.0 = Release|Any CPU
		{D4F14638-C348-4A05-A9F0-400DD53247CC}.Debug|Any CPU.ActiveCfg = Debug|Any CPU
		{D4F14638-C348-4A05-A9F0-400DD53247CC}.Debug|Any CPU.Build.0 = Debug|Any CPU
		{D4F14638-C348-4A05-A9F0-400DD53247CC}.Release|Any CPU.ActiveCfg = Release|Any CPU
		{D4F14638-C348-4A05-A9F0-400DD53247CC}.Release|Any CPU.Build.0 = Release|Any CPU
		{FA33305C-C91A-4FC8-84FE-3193A7794978}.Debug|Any CPU.ActiveCfg = Debug|Any CPU
		{FA33305C-C91A-4FC8-84FE-3193A7794978}.Debug|Any CPU.Build.0 = Debug|Any CPU
		{FA33305C-C91A-4FC8-84FE-3193A7794978}.Release|Any CPU.ActiveCfg = Release|Any CPU
		{FA33305C-C91A-4FC8-84FE-3193A7794978}.Release|Any CPU.Build.0 = Release|Any CPU
		{A2598999-6922-4C85-83D4-5CF7C744168F}.Debug|Any CPU.ActiveCfg = Debug|Any CPU
		{A2598999-6922-4C85-83D4-5CF7C744168F}.Debug|Any CPU.Build.0 = Debug|Any CPU
		{A2598999-6922-4C85-83D4-5CF7C744168F}.Release|Any CPU.ActiveCfg = Release|Any CPU
		{A2598999-6922-4C85-83D4-5CF7C744168F}.Release|Any CPU.Build.0 = Release|Any CPU
		{F00EFAF0-C90B-4BC9-B456-64F7A67DA7AF}.Debug|Any CPU.ActiveCfg = Debug|Any CPU
		{F00EFAF0-C90B-4BC9-B456-64F7A67DA7AF}.Debug|Any CPU.Build.0 = Debug|Any CPU
		{F00EFAF0-C90B-4BC9-B456-64F7A67DA7AF}.Release|Any CPU.ActiveCfg = Release|Any CPU
		{F00EFAF0-C90B-4BC9-B456-64F7A67DA7AF}.Release|Any CPU.Build.0 = Release|Any CPU
	EndGlobalSection
	GlobalSection(SolutionProperties) = preSolution
		HideSolutionNode = FALSE
	EndGlobalSection
	GlobalSection(NestedProjects) = preSolution
		{50106608-7C51-4BB2-A301-96131C80FC76} = {B68AC15A-7717-4B27-B4C4-6BD7E714E2A2}
		{3816F2FD-2CC0-44EA-9D82-7D5D6E6742B2} = {B68AC15A-7717-4B27-B4C4-6BD7E714E2A2}
		{14015431-CA77-4197-91FA-442B6F3B04D1} = {B68AC15A-7717-4B27-B4C4-6BD7E714E2A2}
		{48AB3E2D-D98C-4766-B4D1-FE00DD9DB887} = {B68AC15A-7717-4B27-B4C4-6BD7E714E2A2}
		{2D063487-EC92-4CC2-8AD0-4EA4BBF388F2} = {50106608-7C51-4BB2-A301-96131C80FC76}
		{C74AF862-4B30-4DA1-9A80-1A7FD1B2E73D} = {48AB3E2D-D98C-4766-B4D1-FE00DD9DB887}
		{E7684877-0FA3-4B35-91AA-8DA3C923A9E1} = {C74AF862-4B30-4DA1-9A80-1A7FD1B2E73D}
		{BC8CBF95-BD67-4918-8F6E-915CB2584995} = {C74AF862-4B30-4DA1-9A80-1A7FD1B2E73D}
		{8B595CA6-BADF-4D39-9CAF-F639C071B180} = {C74AF862-4B30-4DA1-9A80-1A7FD1B2E73D}
		{3A11F352-84AD-44BD-8DBD-98CA5ED12D5B} = {C74AF862-4B30-4DA1-9A80-1A7FD1B2E73D}
		{8B64A88C-B977-4F2A-8F04-DA30306D0988} = {3816F2FD-2CC0-44EA-9D82-7D5D6E6742B2}
		{9E7B392F-03C5-497B-887A-D2FFB87BDEC0} = {8B64A88C-B977-4F2A-8F04-DA30306D0988}
		{83070B22-71E4-47EA-B7BF-562267067866} = {14015431-CA77-4197-91FA-442B6F3B04D1}
		{59B47553-DA1C-45C3-8ED4-90EB4429C3BA} = {83070B22-71E4-47EA-B7BF-562267067866}
		{6805B381-7F4A-41BA-8D28-169F8B2CFA13} = {14015431-CA77-4197-91FA-442B6F3B04D1}
		{5BC03810-088F-4CA2-B288-D0BA9593C42C} = {6805B381-7F4A-41BA-8D28-169F8B2CFA13}
		{731D5988-B271-4DA9-A915-0397BE3370F7} = {14015431-CA77-4197-91FA-442B6F3B04D1}
		{8750076C-A3F8-4071-A0DB-E53948C623F0} = {731D5988-B271-4DA9-A915-0397BE3370F7}
		{23D02C4D-39CD-451B-8FC2-08C1436C12B9} = {14015431-CA77-4197-91FA-442B6F3B04D1}
		{1815A2DD-677A-4FBF-B089-96C804B4F2B6} = {23D02C4D-39CD-451B-8FC2-08C1436C12B9}
		{53CE195A-4627-4323-B100-646D1D66A210} = {14015431-CA77-4197-91FA-442B6F3B04D1}
		{597B7C9B-A6FB-41B1-98A8-31160CDBCC5A} = {53CE195A-4627-4323-B100-646D1D66A210}
		{2382BB26-4BC1-4E44-9B54-748B9BABF624} = {53CE195A-4627-4323-B100-646D1D66A210}
		{D4F14638-C348-4A05-A9F0-400DD53247CC} = {53CE195A-4627-4323-B100-646D1D66A210}
		{FA33305C-C91A-4FC8-84FE-3193A7794978} = {53CE195A-4627-4323-B100-646D1D66A210}
		{0523DCE6-9ECF-4BCB-B141-311B104932A1} = {14015431-CA77-4197-91FA-442B6F3B04D1}
		{A2598999-6922-4C85-83D4-5CF7C744168F} = {0523DCE6-9ECF-4BCB-B141-311B104932A1}
		{F00EFAF0-C90B-4BC9-B456-64F7A67DA7AF} = {2D063487-EC92-4CC2-8AD0-4EA4BBF388F2}
	EndGlobalSection
	GlobalSection(ExtensibilityGlobals) = postSolution
		SolutionGuid = {61DA70BF-9ED3-4ADA-846B-8502A9D7FD2A}
	EndGlobalSection
EndGlobal
